// !$*UTF8*$!
{
	archiveVersion = 1;
	classes = {
	};
	objectVersion = 46;
	objects = {

/* Begin PBXBuildFile section */
		61A5BF431BAF32EE00E652CF /* main.m in Sources */ = {isa = PBXBuildFile; fileRef = 61A5BF421BAF32EE00E652CF /* main.m */; };
		61A5BF461BAF32EE00E652CF /* AppDelegate.m in Sources */ = {isa = PBXBuildFile; fileRef = 61A5BF451BAF32EE00E652CF /* AppDelegate.m */; };
		61A5BF491BAF32EE00E652CF /* MasterViewController.m in Sources */ = {isa = PBXBuildFile; fileRef = 61A5BF481BAF32EE00E652CF /* MasterViewController.m */; };
		61A5BF4C1BAF32EE00E652CF /* DetailViewController.m in Sources */ = {isa = PBXBuildFile; fileRef = 61A5BF4B1BAF32EE00E652CF /* DetailViewController.m */; };
		61A5BF511BAF32EE00E652CF /* Assets.xcassets in Resources */ = {isa = PBXBuildFile; fileRef = 61A5BF501BAF32EE00E652CF /* Assets.xcassets */; };
		61A5BF541BAF32EE00E652CF /* LaunchScreen.storyboard in Resources */ = {isa = PBXBuildFile; fileRef = 61A5BF521BAF32EE00E652CF /* LaunchScreen.storyboard */; };
		61A5BF5F1BAF32EE00E652CF /* YACSiOSTests.m in Sources */ = {isa = PBXBuildFile; fileRef = 61A5BF5E1BAF32EE00E652CF /* YACSiOSTests.m */; };
		61A5BF6A1BAF32EE00E652CF /* YACSiOSUITests.m in Sources */ = {isa = PBXBuildFile; fileRef = 61A5BF691BAF32EE00E652CF /* YACSiOSUITests.m */; };
/* End PBXBuildFile section */

/* Begin PBXContainerItemProxy section */
		61A5BF5B1BAF32EE00E652CF /* PBXContainerItemProxy */ = {
			isa = PBXContainerItemProxy;
			containerPortal = 61A5BF361BAF32EE00E652CF /* Project object */;
			proxyType = 1;
			remoteGlobalIDString = 61A5BF3D1BAF32EE00E652CF;
			remoteInfo = YACSiOS;
		};
		61A5BF661BAF32EE00E652CF /* PBXContainerItemProxy */ = {
			isa = PBXContainerItemProxy;
			containerPortal = 61A5BF361BAF32EE00E652CF /* Project object */;
			proxyType = 1;
			remoteGlobalIDString = 61A5BF3D1BAF32EE00E652CF;
			remoteInfo = YACSiOS;
		};
/* End PBXContainerItemProxy section */

/* Begin PBXFileReference section */
		61A5BF3E1BAF32EE00E652CF /* YACSiOS.app */ = {isa = PBXFileReference; explicitFileType = wrapper.application; includeInIndex = 0; path = YACSiOS.app; sourceTree = BUILT_PRODUCTS_DIR; };
		61A5BF421BAF32EE00E652CF /* main.m */ = {isa = PBXFileReference; lastKnownFileType = sourcecode.c.objc; path = main.m; sourceTree = "<group>"; };
		61A5BF441BAF32EE00E652CF /* AppDelegate.h */ = {isa = PBXFileReference; lastKnownFileType = sourcecode.c.h; path = AppDelegate.h; sourceTree = "<group>"; };
		61A5BF451BAF32EE00E652CF /* AppDelegate.m */ = {isa = PBXFileReference; lastKnownFileType = sourcecode.c.objc; path = AppDelegate.m; sourceTree = "<group>"; };
		61A5BF471BAF32EE00E652CF /* MasterViewController.h */ = {isa = PBXFileReference; lastKnownFileType = sourcecode.c.h; path = MasterViewController.h; sourceTree = "<group>"; };
		61A5BF481BAF32EE00E652CF /* MasterViewController.m */ = {isa = PBXFileReference; lastKnownFileType = sourcecode.c.objc; path = MasterViewController.m; sourceTree = "<group>"; };
		61A5BF4A1BAF32EE00E652CF /* DetailViewController.h */ = {isa = PBXFileReference; lastKnownFileType = sourcecode.c.h; path = DetailViewController.h; sourceTree = "<group>"; };
		61A5BF4B1BAF32EE00E652CF /* DetailViewController.m */ = {isa = PBXFileReference; lastKnownFileType = sourcecode.c.objc; path = DetailViewController.m; sourceTree = "<group>"; };
		61A5BF501BAF32EE00E652CF /* Assets.xcassets */ = {isa = PBXFileReference; lastKnownFileType = folder.assetcatalog; path = Assets.xcassets; sourceTree = "<group>"; };
		61A5BF531BAF32EE00E652CF /* Base */ = {isa = PBXFileReference; lastKnownFileType = file.storyboard; name = Base; path = Base.lproj/LaunchScreen.storyboard; sourceTree = "<group>"; };
		61A5BF551BAF32EE00E652CF /* Info.plist */ = {isa = PBXFileReference; lastKnownFileType = text.plist.xml; path = Info.plist; sourceTree = "<group>"; };
		61A5BF5A1BAF32EE00E652CF /* YACSiOSTests.xctest */ = {isa = PBXFileReference; explicitFileType = wrapper.cfbundle; includeInIndex = 0; path = YACSiOSTests.xctest; sourceTree = BUILT_PRODUCTS_DIR; };
		61A5BF5E1BAF32EE00E652CF /* YACSiOSTests.m */ = {isa = PBXFileReference; lastKnownFileType = sourcecode.c.objc; path = YACSiOSTests.m; sourceTree = "<group>"; };
		61A5BF601BAF32EE00E652CF /* Info.plist */ = {isa = PBXFileReference; lastKnownFileType = text.plist.xml; path = Info.plist; sourceTree = "<group>"; };
		61A5BF651BAF32EE00E652CF /* YACSiOSUITests.xctest */ = {isa = PBXFileReference; explicitFileType = wrapper.cfbundle; includeInIndex = 0; path = YACSiOSUITests.xctest; sourceTree = BUILT_PRODUCTS_DIR; };
		61A5BF691BAF32EE00E652CF /* YACSiOSUITests.m */ = {isa = PBXFileReference; lastKnownFileType = sourcecode.c.objc; path = YACSiOSUITests.m; sourceTree = "<group>"; };
		61A5BF6B1BAF32EE00E652CF /* Info.plist */ = {isa = PBXFileReference; lastKnownFileType = text.plist.xml; path = Info.plist; sourceTree = "<group>"; };
/* End PBXFileReference section */

/* Begin PBXFrameworksBuildPhase section */
		61A5BF3B1BAF32EE00E652CF /* Frameworks */ = {
			isa = PBXFrameworksBuildPhase;
			buildActionMask = 2147483647;
			files = (
			);
			runOnlyForDeploymentPostprocessing = 0;
		};
		61A5BF571BAF32EE00E652CF /* Frameworks */ = {
			isa = PBXFrameworksBuildPhase;
			buildActionMask = 2147483647;
			files = (
			);
			runOnlyForDeploymentPostprocessing = 0;
		};
		61A5BF621BAF32EE00E652CF /* Frameworks */ = {
			isa = PBXFrameworksBuildPhase;
			buildActionMask = 2147483647;
			files = (
			);
			runOnlyForDeploymentPostprocessing = 0;
		};
/* End PBXFrameworksBuildPhase section */

/* Begin PBXGroup section */
		61A5BF351BAF32EE00E652CF = {
			isa = PBXGroup;
			children = (
				61A5BF401BAF32EE00E652CF /* YACSiOS */,
				61A5BF5D1BAF32EE00E652CF /* YACSiOSTests */,
				61A5BF681BAF32EE00E652CF /* YACSiOSUITests */,
				61A5BF3F1BAF32EE00E652CF /* Products */,
			);
			sourceTree = "<group>";
		};
		61A5BF3F1BAF32EE00E652CF /* Products */ = {
			isa = PBXGroup;
			children = (
				61A5BF3E1BAF32EE00E652CF /* YACSiOS.app */,
				61A5BF5A1BAF32EE00E652CF /* YACSiOSTests.xctest */,
				61A5BF651BAF32EE00E652CF /* YACSiOSUITests.xctest */,
			);
			name = Products;
			sourceTree = "<group>";
		};
		61A5BF401BAF32EE00E652CF /* YACSiOS */ = {
			isa = PBXGroup;
			children = (
				61A5BF441BAF32EE00E652CF /* AppDelegate.h */,
				61A5BF451BAF32EE00E652CF /* AppDelegate.m */,
				61A5BF471BAF32EE00E652CF /* MasterViewController.h */,
				61A5BF481BAF32EE00E652CF /* MasterViewController.m */,
				61A5BF4A1BAF32EE00E652CF /* DetailViewController.h */,
				61A5BF4B1BAF32EE00E652CF /* DetailViewController.m */,
				61A5BF501BAF32EE00E652CF /* Assets.xcassets */,
				61A5BF521BAF32EE00E652CF /* LaunchScreen.storyboard */,
				61A5BF551BAF32EE00E652CF /* Info.plist */,
				61A5BF411BAF32EE00E652CF /* Supporting Files */,
			);
			path = YACSiOS;
			sourceTree = "<group>";
		};
		61A5BF411BAF32EE00E652CF /* Supporting Files */ = {
			isa = PBXGroup;
			children = (
				61A5BF421BAF32EE00E652CF /* main.m */,
			);
			name = "Supporting Files";
			sourceTree = "<group>";
		};
		61A5BF5D1BAF32EE00E652CF /* YACSiOSTests */ = {
			isa = PBXGroup;
			children = (
				61A5BF5E1BAF32EE00E652CF /* YACSiOSTests.m */,
				61A5BF601BAF32EE00E652CF /* Info.plist */,
			);
			path = YACSiOSTests;
			sourceTree = "<group>";
		};
		61A5BF681BAF32EE00E652CF /* YACSiOSUITests */ = {
			isa = PBXGroup;
			children = (
				61A5BF691BAF32EE00E652CF /* YACSiOSUITests.m */,
				61A5BF6B1BAF32EE00E652CF /* Info.plist */,
			);
			path = YACSiOSUITests;
			sourceTree = "<group>";
		};
/* End PBXGroup section */

/* Begin PBXNativeTarget section */
		61A5BF3D1BAF32EE00E652CF /* YACSiOS */ = {
			isa = PBXNativeTarget;
			buildConfigurationList = 61A5BF6E1BAF32EE00E652CF /* Build configuration list for PBXNativeTarget "YACSiOS" */;
			buildPhases = (
				61A5BF3A1BAF32EE00E652CF /* Sources */,
				61A5BF3B1BAF32EE00E652CF /* Frameworks */,
				61A5BF3C1BAF32EE00E652CF /* Resources */,
			);
			buildRules = (
			);
			dependencies = (
			);
			name = YACSiOS;
			productName = YACSiOS;
			productReference = 61A5BF3E1BAF32EE00E652CF /* YACSiOS.app */;
			productType = "com.apple.product-type.application";
		};
		61A5BF591BAF32EE00E652CF /* YACSiOSTests */ = {
			isa = PBXNativeTarget;
			buildConfigurationList = 61A5BF711BAF32EE00E652CF /* Build configuration list for PBXNativeTarget "YACSiOSTests" */;
			buildPhases = (
				61A5BF561BAF32EE00E652CF /* Sources */,
				61A5BF571BAF32EE00E652CF /* Frameworks */,
				61A5BF581BAF32EE00E652CF /* Resources */,
			);
			buildRules = (
			);
			dependencies = (
				61A5BF5C1BAF32EE00E652CF /* PBXTargetDependency */,
			);
			name = YACSiOSTests;
			productName = YACSiOSTests;
			productReference = 61A5BF5A1BAF32EE00E652CF /* YACSiOSTests.xctest */;
			productType = "com.apple.product-type.bundle.unit-test";
		};
		61A5BF641BAF32EE00E652CF /* YACSiOSUITests */ = {
			isa = PBXNativeTarget;
			buildConfigurationList = 61A5BF741BAF32EE00E652CF /* Build configuration list for PBXNativeTarget "YACSiOSUITests" */;
			buildPhases = (
				61A5BF611BAF32EE00E652CF /* Sources */,
				61A5BF621BAF32EE00E652CF /* Frameworks */,
				61A5BF631BAF32EE00E652CF /* Resources */,
			);
			buildRules = (
			);
			dependencies = (
				61A5BF671BAF32EE00E652CF /* PBXTargetDependency */,
			);
			name = YACSiOSUITests;
			productName = YACSiOSUITests;
			productReference = 61A5BF651BAF32EE00E652CF /* YACSiOSUITests.xctest */;
			productType = "com.apple.product-type.bundle.ui-testing";
		};
/* End PBXNativeTarget section */

/* Begin PBXProject section */
		61A5BF361BAF32EE00E652CF /* Project object */ = {
			isa = PBXProject;
			attributes = {
				LastUpgradeCheck = 0700;
				ORGANIZATIONNAME = "james grippo";
				TargetAttributes = {
					61A5BF3D1BAF32EE00E652CF = {
						CreatedOnToolsVersion = 7.0;
					};
					61A5BF591BAF32EE00E652CF = {
						CreatedOnToolsVersion = 7.0;
						TestTargetID = 61A5BF3D1BAF32EE00E652CF;
					};
					61A5BF641BAF32EE00E652CF = {
						CreatedOnToolsVersion = 7.0;
						TestTargetID = 61A5BF3D1BAF32EE00E652CF;
					};
				};
			};
			buildConfigurationList = 61A5BF391BAF32EE00E652CF /* Build configuration list for PBXProject "YACSiOS" */;
			compatibilityVersion = "Xcode 3.2";
			developmentRegion = English;
			hasScannedForEncodings = 0;
			knownRegions = (
				en,
				Base,
			);
			mainGroup = 61A5BF351BAF32EE00E652CF;
			productRefGroup = 61A5BF3F1BAF32EE00E652CF /* Products */;
			projectDirPath = "";
			projectRoot = "";
			targets = (
				61A5BF3D1BAF32EE00E652CF /* YACSiOS */,
				61A5BF591BAF32EE00E652CF /* YACSiOSTests */,
				61A5BF641BAF32EE00E652CF /* YACSiOSUITests */,
			);
		};
/* End PBXProject section */

/* Begin PBXResourcesBuildPhase section */
		61A5BF3C1BAF32EE00E652CF /* Resources */ = {
			isa = PBXResourcesBuildPhase;
			buildActionMask = 2147483647;
			files = (
				61A5BF541BAF32EE00E652CF /* LaunchScreen.storyboard in Resources */,
				61A5BF511BAF32EE00E652CF /* Assets.xcassets in Resources */,
			);
			runOnlyForDeploymentPostprocessing = 0;
		};
		61A5BF581BAF32EE00E652CF /* Resources */ = {
			isa = PBXResourcesBuildPhase;
			buildActionMask = 2147483647;
			files = (
			);
			runOnlyForDeploymentPostprocessing = 0;
		};
		61A5BF631BAF32EE00E652CF /* Resources */ = {
			isa = PBXResourcesBuildPhase;
			buildActionMask = 2147483647;
			files = (
			);
			runOnlyForDeploymentPostprocessing = 0;
		};
/* End PBXResourcesBuildPhase section */

/* Begin PBXSourcesBuildPhase section */
		61A5BF3A1BAF32EE00E652CF /* Sources */ = {
			isa = PBXSourcesBuildPhase;
			buildActionMask = 2147483647;
			files = (
				61A5BF461BAF32EE00E652CF /* AppDelegate.m in Sources */,
				61A5BF491BAF32EE00E652CF /* MasterViewController.m in Sources */,
				61A5BF431BAF32EE00E652CF /* main.m in Sources */,
				61A5BF4C1BAF32EE00E652CF /* DetailViewController.m in Sources */,
			);
			runOnlyForDeploymentPostprocessing = 0;
		};
		61A5BF561BAF32EE00E652CF /* Sources */ = {
			isa = PBXSourcesBuildPhase;
			buildActionMask = 2147483647;
			files = (
				61A5BF5F1BAF32EE00E652CF /* YACSiOSTests.m in Sources */,
			);
			runOnlyForDeploymentPostprocessing = 0;
		};
		61A5BF611BAF32EE00E652CF /* Sources */ = {
			isa = PBXSourcesBuildPhase;
			buildActionMask = 2147483647;
			files = (
				61A5BF6A1BAF32EE00E652CF /* YACSiOSUITests.m in Sources */,
			);
			runOnlyForDeploymentPostprocessing = 0;
		};
/* End PBXSourcesBuildPhase section */

/* Begin PBXTargetDependency section */
		61A5BF5C1BAF32EE00E652CF /* PBXTargetDependency */ = {
			isa = PBXTargetDependency;
			target = 61A5BF3D1BAF32EE00E652CF /* YACSiOS */;
			targetProxy = 61A5BF5B1BAF32EE00E652CF /* PBXContainerItemProxy */;
		};
		61A5BF671BAF32EE00E652CF /* PBXTargetDependency */ = {
			isa = PBXTargetDependency;
			target = 61A5BF3D1BAF32EE00E652CF /* YACSiOS */;
			targetProxy = 61A5BF661BAF32EE00E652CF /* PBXContainerItemProxy */;
		};
/* End PBXTargetDependency section */

/* Begin PBXVariantGroup section */
		61A5BF521BAF32EE00E652CF /* LaunchScreen.storyboard */ = {
			isa = PBXVariantGroup;
			children = (
				61A5BF531BAF32EE00E652CF /* Base */,
			);
			name = LaunchScreen.storyboard;
			sourceTree = "<group>";
		};
/* End PBXVariantGroup section */

/* Begin XCBuildConfiguration section */
		61A5BF6C1BAF32EE00E652CF /* Debug */ = {
			isa = XCBuildConfiguration;
			buildSettings = {
				ALWAYS_SEARCH_USER_PATHS = NO;
				CLANG_CXX_LANGUAGE_STANDARD = "gnu++0x";
				CLANG_CXX_LIBRARY = "libc++";
				CLANG_ENABLE_MODULES = YES;
				CLANG_ENABLE_OBJC_ARC = YES;
				CLANG_WARN_BOOL_CONVERSION = YES;
				CLANG_WARN_CONSTANT_CONVERSION = YES;
				CLANG_WARN_DIRECT_OBJC_ISA_USAGE = YES_ERROR;
				CLANG_WARN_EMPTY_BODY = YES;
				CLANG_WARN_ENUM_CONVERSION = YES;
				CLANG_WARN_INT_CONVERSION = YES;
				CLANG_WARN_OBJC_ROOT_CLASS = YES_ERROR;
				CLANG_WARN_UNREACHABLE_CODE = YES;
				CLANG_WARN__DUPLICATE_METHOD_MATCH = YES;
				"CODE_SIGN_IDENTITY[sdk=iphoneos*]" = "iPhone Developer";
				COPY_PHASE_STRIP = NO;
				DEBUG_INFORMATION_FORMAT = dwarf;
				ENABLE_STRICT_OBJC_MSGSEND = YES;
				ENABLE_TESTABILITY = YES;
				GCC_C_LANGUAGE_STANDARD = gnu99;
				GCC_DYNAMIC_NO_PIC = NO;
				GCC_NO_COMMON_BLOCKS = YES;
				GCC_OPTIMIZATION_LEVEL = 0;
				GCC_PREPROCESSOR_DEFINITIONS = (
					"DEBUG=1",
					"$(inherited)",
				);
				GCC_WARN_64_TO_32_BIT_CONVERSION = YES;
				GCC_WARN_ABOUT_RETURN_TYPE = YES_ERROR;
				GCC_WARN_UNDECLARED_SELECTOR = YES;
				GCC_WARN_UNINITIALIZED_AUTOS = YES_AGGRESSIVE;
				GCC_WARN_UNUSED_FUNCTION = YES;
				GCC_WARN_UNUSED_VARIABLE = YES;
				IPHONEOS_DEPLOYMENT_TARGET = 9.0;
				MTL_ENABLE_DEBUG_INFO = YES;
				ONLY_ACTIVE_ARCH = YES;
				SDKROOT = iphoneos;
			};
			name = Debug;
		};
		61A5BF6D1BAF32EE00E652CF /* Release */ = {
			isa = XCBuildConfiguration;
			buildSettings = {
				ALWAYS_SEARCH_USER_PATHS = NO;
				CLANG_CXX_LANGUAGE_STANDARD = "gnu++0x";
				CLANG_CXX_LIBRARY = "libc++";
				CLANG_ENABLE_MODULES = YES;
				CLANG_ENABLE_OBJC_ARC = YES;
				CLANG_WARN_BOOL_CONVERSION = YES;
				CLANG_WARN_CONSTANT_CONVERSION = YES;
				CLANG_WARN_DIRECT_OBJC_ISA_USAGE = YES_ERROR;
				CLANG_WARN_EMPTY_BODY = YES;
				CLANG_WARN_ENUM_CONVERSION = YES;
				CLANG_WARN_INT_CONVERSION = YES;
				CLANG_WARN_OBJC_ROOT_CLASS = YES_ERROR;
				CLANG_WARN_UNREACHABLE_CODE = YES;
				CLANG_WARN__DUPLICATE_METHOD_MATCH = YES;
				"CODE_SIGN_IDENTITY[sdk=iphoneos*]" = "iPhone Developer";
				COPY_PHASE_STRIP = NO;
				DEBUG_INFORMATION_FORMAT = "dwarf-with-dsym";
				ENABLE_NS_ASSERTIONS = NO;
				ENABLE_STRICT_OBJC_MSGSEND = YES;
				GCC_C_LANGUAGE_STANDARD = gnu99;
				GCC_NO_COMMON_BLOCKS = YES;
				GCC_WARN_64_TO_32_BIT_CONVERSION = YES;
				GCC_WARN_ABOUT_RETURN_TYPE = YES_ERROR;
				GCC_WARN_UNDECLARED_SELECTOR = YES;
				GCC_WARN_UNINITIALIZED_AUTOS = YES_AGGRESSIVE;
				GCC_WARN_UNUSED_FUNCTION = YES;
				GCC_WARN_UNUSED_VARIABLE = YES;
				IPHONEOS_DEPLOYMENT_TARGET = 9.0;
				MTL_ENABLE_DEBUG_INFO = NO;
				SDKROOT = iphoneos;
				VALIDATE_PRODUCT = YES;
			};
			name = Release;
		};
		61A5BF6F1BAF32EE00E652CF /* Debug */ = {
			isa = XCBuildConfiguration;
			buildSettings = {
				ASSETCATALOG_COMPILER_APPICON_NAME = AppIcon;
				INFOPLIST_FILE = YACSiOS/Info.plist;
				LD_RUNPATH_SEARCH_PATHS = "$(inherited) @executable_path/Frameworks";
				PRODUCT_BUNDLE_IDENTIFIER = com.JamesGrippo.YACSiOS;
				PRODUCT_NAME = "$(TARGET_NAME)";
			};
			name = Debug;
		};
		61A5BF701BAF32EE00E652CF /* Release */ = {
			isa = XCBuildConfiguration;
			buildSettings = {
				ASSETCATALOG_COMPILER_APPICON_NAME = AppIcon;
				INFOPLIST_FILE = YACSiOS/Info.plist;
				LD_RUNPATH_SEARCH_PATHS = "$(inherited) @executable_path/Frameworks";
				PRODUCT_BUNDLE_IDENTIFIER = com.JamesGrippo.YACSiOS;
				PRODUCT_NAME = "$(TARGET_NAME)";
			};
			name = Release;
		};
		61A5BF721BAF32EE00E652CF /* Debug */ = {
			isa = XCBuildConfiguration;
			buildSettings = {
				BUNDLE_LOADER = "$(TEST_HOST)";
				INFOPLIST_FILE = YACSiOSTests/Info.plist;
				LD_RUNPATH_SEARCH_PATHS = "$(inherited) @executable_path/Frameworks @loader_path/Frameworks";
				PRODUCT_BUNDLE_IDENTIFIER = com.JamesGrippo.YACSiOSTests;
				PRODUCT_NAME = "$(TARGET_NAME)";
				TEST_HOST = "$(BUILT_PRODUCTS_DIR)/YACSiOS.app/YACSiOS";
			};
			name = Debug;
		};
		61A5BF731BAF32EE00E652CF /* Release */ = {
			isa = XCBuildConfiguration;
			buildSettings = {
				BUNDLE_LOADER = "$(TEST_HOST)";
				INFOPLIST_FILE = YACSiOSTests/Info.plist;
				LD_RUNPATH_SEARCH_PATHS = "$(inherited) @executable_path/Frameworks @loader_path/Frameworks";
				PRODUCT_BUNDLE_IDENTIFIER = com.JamesGrippo.YACSiOSTests;
				PRODUCT_NAME = "$(TARGET_NAME)";
				TEST_HOST = "$(BUILT_PRODUCTS_DIR)/YACSiOS.app/YACSiOS";
			};
			name = Release;
		};
		61A5BF751BAF32EE00E652CF /* Debug */ = {
			isa = XCBuildConfiguration;
			buildSettings = {
				INFOPLIST_FILE = YACSiOSUITests/Info.plist;
				LD_RUNPATH_SEARCH_PATHS = "$(inherited) @executable_path/Frameworks @loader_path/Frameworks";
				PRODUCT_BUNDLE_IDENTIFIER = com.JamesGrippo.YACSiOSUITests;
				PRODUCT_NAME = "$(TARGET_NAME)";
				TEST_TARGET_NAME = YACSiOS;
				USES_XCTRUNNER = YES;
			};
			name = Debug;
		};
		61A5BF761BAF32EE00E652CF /* Release */ = {
			isa = XCBuildConfiguration;
			buildSettings = {
				INFOPLIST_FILE = YACSiOSUITests/Info.plist;
				LD_RUNPATH_SEARCH_PATHS = "$(inherited) @executable_path/Frameworks @loader_path/Frameworks";
				PRODUCT_BUNDLE_IDENTIFIER = com.JamesGrippo.YACSiOSUITests;
				PRODUCT_NAME = "$(TARGET_NAME)";
				TEST_TARGET_NAME = YACSiOS;
				USES_XCTRUNNER = YES;
			};
			name = Release;
		};
/* End XCBuildConfiguration section */

/* Begin XCConfigurationList section */
		61A5BF391BAF32EE00E652CF /* Build configuration list for PBXProject "YACSiOS" */ = {
			isa = XCConfigurationList;
			buildConfigurations = (
				61A5BF6C1BAF32EE00E652CF /* Debug */,
				61A5BF6D1BAF32EE00E652CF /* Release */,
			);
			defaultConfigurationIsVisible = 0;
			defaultConfigurationName = Release;
		};
		61A5BF6E1BAF32EE00E652CF /* Build configuration list for PBXNativeTarget "YACSiOS" */ = {
			isa = XCConfigurationList;
			buildConfigurations = (
				61A5BF6F1BAF32EE00E652CF /* Debug */,
				61A5BF701BAF32EE00E652CF /* Release */,
			);
			defaultConfigurationIsVisible = 0;
		};
		61A5BF711BAF32EE00E652CF /* Build configuration list for PBXNativeTarget "YACSiOSTests" */ = {
			isa = XCConfigurationList;
			buildConfigurations = (
				61A5BF721BAF32EE00E652CF /* Debug */,
				61A5BF731BAF32EE00E652CF /* Release */,
			);
			defaultConfigurationIsVisible = 0;
		};
		61A5BF741BAF32EE00E652CF /* Build configuration list for PBXNativeTarget "YACSiOSUITests" */ = {
			isa = XCConfigurationList;
			buildConfigurations = (
				61A5BF751BAF32EE00E652CF /* Debug */,
				61A5BF761BAF32EE00E652CF /* Release */,
			);
			defaultConfigurationIsVisible = 0;
		};
/* End XCConfigurationList section */
	};
	rootObject = 61A5BF361BAF32EE00E652CF /* Project object */;
}
